
Microsoft Visual Studio Solution File, Format Version 12.00
# Visual Studio Version 17
VisualStudioVersion = 17.4.33205.214
MinimumVisualStudioVersion = 10.0.40219.1
Project("{9A19103F-16F7-4668-BE54-9A1E7A4F7556}") = "Assembler", "Assembler\Assembler.csproj", "{E715DB6B-9082-4F57-ADEB-24B257F2DE98}"
EndProject
Project("{FAE04EC0-301F-11D3-BF4B-00C04F79EFBC}") = "VMTranslator", "VMTranslator\VMTranslator.csproj", "{33021AE7-929E-4357-AD74-48A06F769A83}"
EndProject
Project("{FAE04EC0-301F-11D3-BF4B-00C04F79EFBC}") = "FileHandler", "FileHandler\FileHandler.csproj", "{94A23A54-DD91-41A9-93FA-881A95D137D7}"
EndProject
Global
	GlobalSection(SolutionConfigurationPlatforms) = preSolution
		Debug|Any CPU = Debug|Any CPU
		Release|Any CPU = Release|Any CPU
	EndGlobalSection
	GlobalSection(ProjectConfigurationPlatforms) = postSolution
		{E715DB6B-9082-4F57-ADEB-24B257F2DE98}.Debug|Any CPU.ActiveCfg = Debug|Any CPU
		{E715DB6B-9082-4F57-ADEB-24B257F2DE98}.Debug|Any CPU.Build.0 = Debug|Any CPU
		{E715DB6B-9082-4F57-ADEB-24B257F2DE98}.Release|Any CPU.ActiveCfg = Release|Any CPU
		{E715DB6B-9082-4F57-ADEB-24B257F2DE98}.Release|Any CPU.Build.0 = Release|Any CPU
		{33021AE7-929E-4357-AD74-48A06F769A83}.Debug|Any CPU.ActiveCfg = Debug|Any CPU
		{33021AE7-929E-4357-AD74-48A06F769A83}.Debug|Any CPU.Build.0 = Debug|Any CPU
		{33021AE7-929E-4357-AD74-48A06F769A83}.Release|Any CPU.ActiveCfg = Release|Any CPU
		{33021AE7-929E-4357-AD74-48A06F769A83}.Release|Any CPU.Build.0 = Release|Any CPU
		{94A23A54-DD91-41A9-93FA-881A95D137D7}.Debug|Any CPU.ActiveCfg = Debug|Any CPU
		{94A23A54-DD91-41A9-93FA-881A95D137D7}.Debug|Any CPU.Build.0 = Debug|Any CPU
		{94A23A54-DD91-41A9-93FA-881A95D137D7}.Release|Any CPU.ActiveCfg = Release|Any CPU
		{94A23A54-DD91-41A9-93FA-881A95D137D7}.Release|Any CPU.Build.0 = Release|Any CPU
	EndGlobalSection
	GlobalSection(SolutionProperties) = preSolution
		HideSolutionNode = FALSE
	EndGlobalSection
	GlobalSection(ExtensibilityGlobals) = postSolution
		SolutionGuid = {A6BBB41D-DAC8-47AE-BF95-D8DB665E6F84}
	EndGlobalSection
EndGlobal
